
Microsoft Visual Studio Solution File, Format Version 12.00
# Visual Studio 15
VisualStudioVersion = 15.0.26430.6
MinimumVisualStudioVersion = 10.0.40219.1
Project("{FAE04EC0-301F-11D3-BF4B-00C04F79EFBC}") = "FibonacciDP", "FibonacciDP\FibonacciDP.csproj", "{128915B3-E310-40A0-827A-9DD8A9C49198}"
EndProject
Project("{2150E333-8FDC-42A3-9474-1A3956D46DE8}") = "Solution Items", "Solution Items", "{26F3422E-A242-4B01-8F7C-1144F2B5E63C}"
EndProject
Global
	GlobalSection(SolutionConfigurationPlatforms) = preSolution
		Debug|Any CPU = Debug|Any CPU
		Release|Any CPU = Release|Any CPU
	EndGlobalSection
	GlobalSection(ProjectConfigurationPlatforms) = postSolution
		{128915B3-E310-40A0-827A-9DD8A9C49198}.Debug|Any CPU.ActiveCfg = Debug|Any CPU
		{128915B3-E310-40A0-827A-9DD8A9C49198}.Debug|Any CPU.Build.0 = Debug|Any CPU
		{128915B3-E310-40A0-827A-9DD8A9C49198}.Release|Any CPU.ActiveCfg = Release|Any CPU
		{128915B3-E310-40A0-827A-9DD8A9C49198}.Release|Any CPU.Build.0 = Release|Any CPU
	EndGlobalSection
	GlobalSection(SolutionProperties) = preSolution
		HideSolutionNode = FALSE
	EndGlobalSection
EndGlobal
